
Microsoft Visual Studio Solution File, Format Version 12.00
# Visual Studio Version 17
VisualStudioVersion = 17.14.37012.4 d17.14
MinimumVisualStudioVersion = 10.0.40219.1
Project("{54A90642-561A-4BB1-A94E-469ADEE60C69}") = "allfit-webproject.client", "allfit-webproject.client\allfit-webproject.client.esproj", "{A1CA4857-732C-1F80-A337-AECE1CA88B8B}"
EndProject
Project("{FAE04EC0-301F-11D3-BF4B-00C04F79EFBC}") = "Allfit-Webproject.Server", "Allfit-Webproject.Server\Allfit-Webproject.Server.csproj", "{2884F504-C556-4352-8810-4D02C76E6FC0}"
EndProject
Global
	GlobalSection(SolutionConfigurationPlatforms) = preSolution
		Debug|Any CPU = Debug|Any CPU
		Release|Any CPU = Release|Any CPU
	EndGlobalSection
	GlobalSection(ProjectConfigurationPlatforms) = postSolution
		{A1CA4857-732C-1F80-A337-AECE1CA88B8B}.Debug|Any CPU.ActiveCfg = Debug|Any CPU
		{A1CA4857-732C-1F80-A337-AECE1CA88B8B}.Debug|Any CPU.Build.0 = Debug|Any CPU
		{A1CA4857-732C-1F80-A337-AECE1CA88B8B}.Debug|Any CPU.Deploy.0 = Debug|Any CPU
		{A1CA4857-732C-1F80-A337-AECE1CA88B8B}.Release|Any CPU.ActiveCfg = Release|Any CPU
		{A1CA4857-732C-1F80-A337-AECE1CA88B8B}.Release|Any CPU.Build.0 = Release|Any CPU
		{A1CA4857-732C-1F80-A337-AECE1CA88B8B}.Release|Any CPU.Deploy.0 = Release|Any CPU
		{2884F504-C556-4352-8810-4D02C76E6FC0}.Debug|Any CPU.ActiveCfg = Debug|Any CPU
		{2884F504-C556-4352-8810-4D02C76E6FC0}.Debug|Any CPU.Build.0 = Debug|Any CPU
		{2884F504-C556-4352-8810-4D02C76E6FC0}.Release|Any CPU.ActiveCfg = Release|Any CPU
		{2884F504-C556-4352-8810-4D02C76E6FC0}.Release|Any CPU.Build.0 = Release|Any CPU
	EndGlobalSection
	GlobalSection(SolutionProperties) = preSolution
		HideSolutionNode = FALSE
	EndGlobalSection
	GlobalSection(ExtensibilityGlobals) = postSolution
		SolutionGuid = {02A25550-A6D6-4D14-89E3-DF0AFE6277AC}
	EndGlobalSection
EndGlobal
